{
  "nodes": {
    "asterisk": {
      "locked": {
        "lastModified": 1,
        "narHash": "sha256-5HLO+DvKJx5IzPFcoydiF5K2ljqqnLIBGD4ZKfKGUzM=",
        "path": "/nix/store/21pgnv7z6fgcb3vpzcqz13dnx6jyvv9x-source/asterisk",
        "type": "path"
      },
      "original": {
        "path": "/nix/store/21pgnv7z6fgcb3vpzcqz13dnx6jyvv9x-source/asterisk",
        "type": "path"
      }
    },
    "disko": {
      "inputs": {
        "nixpkgs": [
          "n9",
          "nixpkgs"
        ]
      },
      "locked": {
        "lastModified": 1737038063,
        "narHash": "sha256-rMEuiK69MDhjz1JgbaeQ9mBDXMJ2/P8vmOYRbFndXsk=",
        "owner": "nix-community",
        "repo": "disko",
        "rev": "bf0abfde48f469c256f2b0f481c6281ff04a5db2",
        "type": "github"
      },
      "original": {
        "owner": "nix-community",
        "repo": "disko",
        "type": "github"
      }
    },
    "home-manager": {
      "inputs": {
        "nixpkgs": [
          "n9",
          "nixpkgs"
        ]
      },
      "locked": {
        "lastModified": 1737299337,
        "narHash": "sha256-0NBrY2A7buujKmeCbieopOMSbLxTu8TFcTLqAbTnQDw=",
        "owner": "nix-community",
        "repo": "home-manager",
        "rev": "f8ef4541bb8a54a8b52f19b52912119e689529b3",
        "type": "github"
      },
      "original": {
        "owner": "nix-community",
        "repo": "home-manager",
        "type": "github"
      }
    },
    "n9": {
      "inputs": {
        "disko": "disko",
        "home-manager": "home-manager",
        "nixpkgs": "nixpkgs",
        "sops-nix": "sops-nix"
      },
      "locked": {
        "lastModified": 1,
        "narHash": "sha256-UDY7Jo2/bugFUR1HG9W0qbfOhqwjQobApw/vROF180Q=",
        "path": "/nix/store/21pgnv7z6fgcb3vpzcqz13dnx6jyvv9x-source/irix",
        "type": "path"
      },
      "original": {
        "path": "/nix/store/21pgnv7z6fgcb3vpzcqz13dnx6jyvv9x-source/irix",
        "type": "path"
      }
    },
    "nixpkgs": {
      "locked": {
        "lastModified": 1737264083,
        "narHash": "sha256-6QqSrHPN+ZD+7HuadVLuFNUaM8XnmZF3EO7QViM1b80=",
        "owner": "NixOS",
        "repo": "nixpkgs",
        "rev": "aa6ae0afa6adeb5c202a168e51eda1d3da571117",
        "type": "github"
      },
      "original": {
        "owner": "NixOS",
        "ref": "nixpkgs-unstable",
        "repo": "nixpkgs",
        "type": "github"
      }
    },
    "root": {
      "inputs": {
        "asterisk": "asterisk",
        "n9": "n9"
      }
    },
    "sops-nix": {
      "inputs": {
        "nixpkgs": [
          "n9",
          "nixpkgs"
        ]
      },
      "locked": {
        "lastModified": 1737107480,
        "narHash": "sha256-GXUE9+FgxoZU8v0p6ilBJ8NH7k8nKmZjp/7dmMrCv3o=",
        "owner": "Mic92",
        "repo": "sops-nix",
        "rev": "4c4fb93f18b9072c6fa1986221f9a3d7bf1fe4b6",
        "type": "github"
      },
      "original": {
        "owner": "Mic92",
        "repo": "sops-nix",
        "type": "github"
      }
    }
  },
  "root": "root",
  "version": 7
}
